{
  "name": "describer",
  "version": "1.0.0",
  "lockfileVersion": 3,
  "requires": true,
  "packages": {
    "": {
      "name": "describer",
      "version": "1.0.0",
      "hasInstallScript": true,
      "license": "ISC",
      "dependencies": {
        "scripts": "^0.1.0"
      },
      "devDependencies": {
        "prettier": "^3.0.0-alpha.6"
      }
    },
    "node_modules/prettier": {
      "version": "3.0.0-alpha.6",
      "resolved": "https://registry.npmjs.org/prettier/-/prettier-3.0.0-alpha.6.tgz",
      "integrity": "sha512-AdbQSZ6Oo+iy9Ekzmsgno05P1uX2vqPkjOMJqRfP8hTe+m6iDw4Nt7bPFpWZ/HYCU+3f0P5U0o2ghxQwwkLH7A==",
      "dev": true,
      "license": "MIT",
      "bin": {
        "prettier": "bin/prettier.cjs"
      },
      "engines": {
        "node": ">=14"
      },
      "funding": {
        "url": "https://github.com/prettier/prettier?sponsor=1"
      }
    },
    "node_modules/scripts": {
      "version": "0.1.0",
      "resolved": "https://registry.npmjs.org/scripts/-/scripts-0.1.0.tgz",
      "integrity": "sha512-URMy4uj80+USxik0E+P7OeagdYGRM6vJQ+8zADRRNjcoIVdouxB7B60P4G4y20TizSGXdE0nAW5sSM1IIXa3hw==",
      "engines": {
        "node": ">= 0.4.0"
      }
    }
  }
}
